
Microsoft Visual Studio Solution File, Format Version 12.00
# Visual Studio 14
VisualStudioVersion = 14.0.25420.1
MinimumVisualStudioVersion = 10.0.40219.1
Project("{FAE04EC0-301F-11D3-BF4B-00C04F79EFBC}") = "Vending Machine", "Vending Machine\Vending Machine.csproj", "{F8BE84F4-66DA-420B-897A-CF58B68BB480}"
EndProject
Project("{FAE04EC0-301F-11D3-BF4B-00C04F79EFBC}") = "Vending MachineTests", "Vending MachineTests\Vending MachineTests.csproj", "{19329B8B-1CEE-4136-9416-1E719753D054}"
EndProject
Global
	GlobalSection(SolutionConfigurationPlatforms) = preSolution
		Debug|Any CPU = Debug|Any CPU
		Release|Any CPU = Release|Any CPU
	EndGlobalSection
	GlobalSection(ProjectConfigurationPlatforms) = postSolution
		{F8BE84F4-66DA-420B-897A-CF58B68BB480}.Debug|Any CPU.ActiveCfg = Debug|Any CPU
		{F8BE84F4-66DA-420B-897A-CF58B68BB480}.Debug|Any CPU.Build.0 = Debug|Any CPU
		{F8BE84F4-66DA-420B-897A-CF58B68BB480}.Release|Any CPU.ActiveCfg = Release|Any CPU
		{F8BE84F4-66DA-420B-897A-CF58B68BB480}.Release|Any CPU.Build.0 = Release|Any CPU
		{19329B8B-1CEE-4136-9416-1E719753D054}.Debug|Any CPU.ActiveCfg = Debug|Any CPU
		{19329B8B-1CEE-4136-9416-1E719753D054}.Debug|Any CPU.Build.0 = Debug|Any CPU
		{19329B8B-1CEE-4136-9416-1E719753D054}.Release|Any CPU.ActiveCfg = Release|Any CPU
		{19329B8B-1CEE-4136-9416-1E719753D054}.Release|Any CPU.Build.0 = Release|Any CPU
	EndGlobalSection
	GlobalSection(SolutionProperties) = preSolution
		HideSolutionNode = FALSE
	EndGlobalSection
EndGlobal
